prepare:
  cmd: python scripts/prepare.py
  deps:
  - path: data/raw
    md5: 03c090581c21bfa1cbcdc837ec4f0857.dir
  - path: scripts/prepare.py
    md5: 10d35619dc2e80170aec935a69df4ccd
  outs:
  - path: data/prepared/test.csv
    md5: 6f4dcf4fa1aafe795d94327dde6d650d
  - path: data/prepared/train.csv
    md5: 65c8dd903feaa168578c0e969d358d9c
train:
  cmd: python scripts/train.py
  deps:
  - path: data/prepared/train.csv
    md5: 65c8dd903feaa168578c0e969d358d9c
  - path: scripts/train.py
    md5: ec6a2720184cb048edf24405e9c40b54
  outs:
  - path: model/model.joblib
    md5: 56f9079f857ec1a69432c058b88b274c
evaluate:
  cmd: python scripts/test.py
  deps:
  - path: model/model.joblib
    md5: 56f9079f857ec1a69432c058b88b274c
  - path: scripts/test.py
    md5: eceab90319213ba9ecbd1612785866c7
  outs:
  - path: metrics/accuracy.json
    md5: ff2548e878f85136837ccd2c1d3cedaf
